
Microsoft Visual Studio Solution File, Format Version 12.00
# Visual Studio Version 17
VisualStudioVersion = 17.11.35222.181
MinimumVisualStudioVersion = 10.0.40219.1
Project("{FAE04EC0-301F-11D3-BF4B-00C04F79EFBC}") = "triatlon", "triatlon\triatlon.csproj", "{8FA232D3-C1A9-4301-BE99-41720C41B196}"
EndProject
Global
	GlobalSection(SolutionConfigurationPlatforms) = preSolution
		Debug|Any CPU = Debug|Any CPU
		Release|Any CPU = Release|Any CPU
	EndGlobalSection
	GlobalSection(ProjectConfigurationPlatforms) = postSolution
		{8FA232D3-C1A9-4301-BE99-41720C41B196}.Debug|Any CPU.ActiveCfg = Debug|Any CPU
		{8FA232D3-C1A9-4301-BE99-41720C41B196}.Debug|Any CPU.Build.0 = Debug|Any CPU
		{8FA232D3-C1A9-4301-BE99-41720C41B196}.Release|Any CPU.ActiveCfg = Release|Any CPU
		{8FA232D3-C1A9-4301-BE99-41720C41B196}.Release|Any CPU.Build.0 = Release|Any CPU
	EndGlobalSection
	GlobalSection(SolutionProperties) = preSolution
		HideSolutionNode = FALSE
	EndGlobalSection
	GlobalSection(ExtensibilityGlobals) = postSolution
		SolutionGuid = {8035FE39-01DF-478A-8A81-A29F27AF2850}
	EndGlobalSection
EndGlobal
